
Microsoft Visual Studio Solution File, Format Version 12.00
# Visual Studio Version 17
VisualStudioVersion = 17.11.35327.3
MinimumVisualStudioVersion = 10.0.40219.1
Project("{FAE04EC0-301F-11D3-BF4B-00C04F79EFBC}") = "EmployeeDemoApp", "EmployeeDemoApp.csproj", "{D698F7D4-1FFE-447E-91DB-9F82534541BB}"
EndProject
Global
	GlobalSection(SolutionConfigurationPlatforms) = preSolution
		Debug|Any CPU = Debug|Any CPU
		Release|Any CPU = Release|Any CPU
	EndGlobalSection
	GlobalSection(ProjectConfigurationPlatforms) = postSolution
		{D698F7D4-1FFE-447E-91DB-9F82534541BB}.Debug|Any CPU.ActiveCfg = Debug|Any CPU
		{D698F7D4-1FFE-447E-91DB-9F82534541BB}.Debug|Any CPU.Build.0 = Debug|Any CPU
		{D698F7D4-1FFE-447E-91DB-9F82534541BB}.Release|Any CPU.ActiveCfg = Release|Any CPU
		{D698F7D4-1FFE-447E-91DB-9F82534541BB}.Release|Any CPU.Build.0 = Release|Any CPU
	EndGlobalSection
	GlobalSection(SolutionProperties) = preSolution
		HideSolutionNode = FALSE
	EndGlobalSection
	GlobalSection(ExtensibilityGlobals) = postSolution
		SolutionGuid = {14F7F6EB-EC6D-4918-A113-52723D0F8F96}
	EndGlobalSection
EndGlobal
